
Microsoft Visual Studio Solution File, Format Version 12.00
# Visual Studio Version 17
VisualStudioVersion = 17.10.35004.147
MinimumVisualStudioVersion = 10.0.40219.1
Project("{FAE04EC0-301F-11D3-BF4B-00C04F79EFBC}") = "Day05_Assignment01", "Day05_Assignment01\Day05_Assignment01.csproj", "{DA90C468-AA55-4D49-ADC4-DF1721778EA0}"
EndProject
Global
	GlobalSection(SolutionConfigurationPlatforms) = preSolution
		Debug|Any CPU = Debug|Any CPU
		Release|Any CPU = Release|Any CPU
	EndGlobalSection
	GlobalSection(ProjectConfigurationPlatforms) = postSolution
		{DA90C468-AA55-4D49-ADC4-DF1721778EA0}.Debug|Any CPU.ActiveCfg = Debug|Any CPU
		{DA90C468-AA55-4D49-ADC4-DF1721778EA0}.Debug|Any CPU.Build.0 = Debug|Any CPU
		{DA90C468-AA55-4D49-ADC4-DF1721778EA0}.Release|Any CPU.ActiveCfg = Release|Any CPU
		{DA90C468-AA55-4D49-ADC4-DF1721778EA0}.Release|Any CPU.Build.0 = Release|Any CPU
	EndGlobalSection
	GlobalSection(SolutionProperties) = preSolution
		HideSolutionNode = FALSE
	EndGlobalSection
	GlobalSection(ExtensibilityGlobals) = postSolution
		SolutionGuid = {C6A35F15-247B-45A8-9BEB-616CCAA9D7C4}
	EndGlobalSection
EndGlobal
